
Microsoft Visual Studio Solution File, Format Version 12.00
# Visual Studio Version 17
VisualStudioVersion = 17.5.33502.453
MinimumVisualStudioVersion = 10.0.40219.1
Project("{FAE04EC0-301F-11D3-BF4B-00C04F79EFBC}") = "AgendaSolution.Domain", "AgendaSolution.Domain\AgendaSolution.Domain.csproj", "{D687970B-5633-48EC-9D71-5E3E6FDCFDAE}"
EndProject
Project("{FAE04EC0-301F-11D3-BF4B-00C04F79EFBC}") = "AgendaSolution.Win.Cadastros", "AgendaSolution.Win.Cadastros\AgendaSolution.Win.Cadastros.csproj", "{2C2C6D02-E7C9-4760-A65C-C5CE2ABCB76E}"
EndProject
Project("{FAE04EC0-301F-11D3-BF4B-00C04F79EFBC}") = "AgendaSolution.Win.Main", "AgendaSolution.Win.Main\AgendaSolution.Win.Main.csproj", "{8DD05EAC-1ACB-4F4A-A623-65533602A395}"
EndProject
Global
	GlobalSection(SolutionConfigurationPlatforms) = preSolution
		Debug|Any CPU = Debug|Any CPU
		Release|Any CPU = Release|Any CPU
	EndGlobalSection
	GlobalSection(ProjectConfigurationPlatforms) = postSolution
		{D687970B-5633-48EC-9D71-5E3E6FDCFDAE}.Debug|Any CPU.ActiveCfg = Debug|Any CPU
		{D687970B-5633-48EC-9D71-5E3E6FDCFDAE}.Debug|Any CPU.Build.0 = Debug|Any CPU
		{D687970B-5633-48EC-9D71-5E3E6FDCFDAE}.Release|Any CPU.ActiveCfg = Release|Any CPU
		{D687970B-5633-48EC-9D71-5E3E6FDCFDAE}.Release|Any CPU.Build.0 = Release|Any CPU
		{2C2C6D02-E7C9-4760-A65C-C5CE2ABCB76E}.Debug|Any CPU.ActiveCfg = Debug|Any CPU
		{2C2C6D02-E7C9-4760-A65C-C5CE2ABCB76E}.Debug|Any CPU.Build.0 = Debug|Any CPU
		{2C2C6D02-E7C9-4760-A65C-C5CE2ABCB76E}.Release|Any CPU.ActiveCfg = Release|Any CPU
		{2C2C6D02-E7C9-4760-A65C-C5CE2ABCB76E}.Release|Any CPU.Build.0 = Release|Any CPU
		{8DD05EAC-1ACB-4F4A-A623-65533602A395}.Debug|Any CPU.ActiveCfg = Debug|Any CPU
		{8DD05EAC-1ACB-4F4A-A623-65533602A395}.Debug|Any CPU.Build.0 = Debug|Any CPU
		{8DD05EAC-1ACB-4F4A-A623-65533602A395}.Release|Any CPU.ActiveCfg = Release|Any CPU
		{8DD05EAC-1ACB-4F4A-A623-65533602A395}.Release|Any CPU.Build.0 = Release|Any CPU
	EndGlobalSection
	GlobalSection(SolutionProperties) = preSolution
		HideSolutionNode = FALSE
	EndGlobalSection
	GlobalSection(ExtensibilityGlobals) = postSolution
		SolutionGuid = {B34C7CD1-DA1A-4207-A568-6B5400089291}
	EndGlobalSection
EndGlobal
