
Microsoft Visual Studio Solution File, Format Version 12.00
# Visual Studio Version 17
VisualStudioVersion = 17.5.33502.453
MinimumVisualStudioVersion = 10.0.40219.1
Project("{FAE04EC0-301F-11D3-BF4B-00C04F79EFBC}") = "ControleTarefas.API", "ControleTarefas.API\ControleTarefas.API.csproj", "{A09BF91A-F410-4241-8DE9-1B5024A53013}"
EndProject
Global
	GlobalSection(SolutionConfigurationPlatforms) = preSolution
		Debug|Any CPU = Debug|Any CPU
		Release|Any CPU = Release|Any CPU
	EndGlobalSection
	GlobalSection(ProjectConfigurationPlatforms) = postSolution
		{A09BF91A-F410-4241-8DE9-1B5024A53013}.Debug|Any CPU.ActiveCfg = Debug|Any CPU
		{A09BF91A-F410-4241-8DE9-1B5024A53013}.Debug|Any CPU.Build.0 = Debug|Any CPU
		{A09BF91A-F410-4241-8DE9-1B5024A53013}.Release|Any CPU.ActiveCfg = Release|Any CPU
		{A09BF91A-F410-4241-8DE9-1B5024A53013}.Release|Any CPU.Build.0 = Release|Any CPU
	EndGlobalSection
	GlobalSection(SolutionProperties) = preSolution
		HideSolutionNode = FALSE
	EndGlobalSection
	GlobalSection(ExtensibilityGlobals) = postSolution
		SolutionGuid = {4D8DFAD3-5E42-4A6E-8939-67B385657357}
	EndGlobalSection
EndGlobal
